
Microsoft Visual Studio Solution File, Format Version 12.00
# Visual Studio Version 17
VisualStudioVersion = 17.9.34607.119
MinimumVisualStudioVersion = 10.0.40219.1
Project("{8BC9CEB8-8B4A-11D0-8D11-00A0C91BC942}") = "JantungdanManusia", "JantungdanManusia\JantungdanManusia.vcxproj", "{F787D8DB-7891-4CA9-9C56-7E669AEE13EE}"
EndProject
Project("{8BC9CEB8-8B4A-11D0-8D11-00A0C91BC942}") = "MainA", "MainA\MainA.vcxproj", "{67E1F75C-6F8A-43E4-83BE-F068D162D7AD}"
EndProject
Project("{8BC9CEB8-8B4A-11D0-8D11-00A0C91BC942}") = "MemberInList", "MemberInList\MemberInList.vcxproj", "{D8B8E43A-8C59-453E-9FA0-E278EC03CD38}"
EndProject
Project("{8BC9CEB8-8B4A-11D0-8D11-00A0C91BC942}") = "Asosiasi", "Asosiasi\Asosiasi.vcxproj", "{1B1C4D74-5842-4CE9-960F-9518BB9CAFEC}"
EndProject
Project("{8BC9CEB8-8B4A-11D0-8D11-00A0C91BC942}") = "Inheritance", "Inheritance\Inheritance.vcxproj", "{EFCA270E-C9AE-40A0-A62D-3F2481549C83}"
EndProject
Global
	GlobalSection(SolutionConfigurationPlatforms) = preSolution
		Debug|x64 = Debug|x64
		Debug|x86 = Debug|x86
		Release|x64 = Release|x64
		Release|x86 = Release|x86
	EndGlobalSection
	GlobalSection(ProjectConfigurationPlatforms) = postSolution
		{F787D8DB-7891-4CA9-9C56-7E669AEE13EE}.Debug|x64.ActiveCfg = Debug|x64
		{F787D8DB-7891-4CA9-9C56-7E669AEE13EE}.Debug|x64.Build.0 = Debug|x64
		{F787D8DB-7891-4CA9-9C56-7E669AEE13EE}.Debug|x86.ActiveCfg = Debug|Win32
		{F787D8DB-7891-4CA9-9C56-7E669AEE13EE}.Debug|x86.Build.0 = Debug|Win32
		{F787D8DB-7891-4CA9-9C56-7E669AEE13EE}.Release|x64.ActiveCfg = Release|x64
		{F787D8DB-7891-4CA9-9C56-7E669AEE13EE}.Release|x64.Build.0 = Release|x64
		{F787D8DB-7891-4CA9-9C56-7E669AEE13EE}.Release|x86.ActiveCfg = Release|Win32
		{F787D8DB-7891-4CA9-9C56-7E669AEE13EE}.Release|x86.Build.0 = Release|Win32
		{67E1F75C-6F8A-43E4-83BE-F068D162D7AD}.Debug|x64.ActiveCfg = Debug|x64
		{67E1F75C-6F8A-43E4-83BE-F068D162D7AD}.Debug|x64.Build.0 = Debug|x64
		{67E1F75C-6F8A-43E4-83BE-F068D162D7AD}.Debug|x86.ActiveCfg = Debug|Win32
		{67E1F75C-6F8A-43E4-83BE-F068D162D7AD}.Debug|x86.Build.0 = Debug|Win32
		{67E1F75C-6F8A-43E4-83BE-F068D162D7AD}.Release|x64.ActiveCfg = Release|x64
		{67E1F75C-6F8A-43E4-83BE-F068D162D7AD}.Release|x64.Build.0 = Release|x64
		{67E1F75C-6F8A-43E4-83BE-F068D162D7AD}.Release|x86.ActiveCfg = Release|Win32
		{67E1F75C-6F8A-43E4-83BE-F068D162D7AD}.Release|x86.Build.0 = Release|Win32
		{D8B8E43A-8C59-453E-9FA0-E278EC03CD38}.Debug|x64.ActiveCfg = Debug|x64
		{D8B8E43A-8C59-453E-9FA0-E278EC03CD38}.Debug|x64.Build.0 = Debug|x64
		{D8B8E43A-8C59-453E-9FA0-E278EC03CD38}.Debug|x86.ActiveCfg = Debug|Win32
		{D8B8E43A-8C59-453E-9FA0-E278EC03CD38}.Debug|x86.Build.0 = Debug|Win32
		{D8B8E43A-8C59-453E-9FA0-E278EC03CD38}.Release|x64.ActiveCfg = Release|x64
		{D8B8E43A-8C59-453E-9FA0-E278EC03CD38}.Release|x64.Build.0 = Release|x64
		{D8B8E43A-8C59-453E-9FA0-E278EC03CD38}.Release|x86.ActiveCfg = Release|Win32
		{D8B8E43A-8C59-453E-9FA0-E278EC03CD38}.Release|x86.Build.0 = Release|Win32
		{1B1C4D74-5842-4CE9-960F-9518BB9CAFEC}.Debug|x64.ActiveCfg = Debug|x64
		{1B1C4D74-5842-4CE9-960F-9518BB9CAFEC}.Debug|x64.Build.0 = Debug|x64
		{1B1C4D74-5842-4CE9-960F-9518BB9CAFEC}.Debug|x86.ActiveCfg = Debug|Win32
		{1B1C4D74-5842-4CE9-960F-9518BB9CAFEC}.Debug|x86.Build.0 = Debug|Win32
		{1B1C4D74-5842-4CE9-960F-9518BB9CAFEC}.Release|x64.ActiveCfg = Release|x64
		{1B1C4D74-5842-4CE9-960F-9518BB9CAFEC}.Release|x64.Build.0 = Release|x64
		{1B1C4D74-5842-4CE9-960F-9518BB9CAFEC}.Release|x86.ActiveCfg = Release|Win32
		{1B1C4D74-5842-4CE9-960F-9518BB9CAFEC}.Release|x86.Build.0 = Release|Win32
		{EFCA270E-C9AE-40A0-A62D-3F2481549C83}.Debug|x64.ActiveCfg = Debug|x64
		{EFCA270E-C9AE-40A0-A62D-3F2481549C83}.Debug|x64.Build.0 = Debug|x64
		{EFCA270E-C9AE-40A0-A62D-3F2481549C83}.Debug|x86.ActiveCfg = Debug|Win32
		{EFCA270E-C9AE-40A0-A62D-3F2481549C83}.Debug|x86.Build.0 = Debug|Win32
		{EFCA270E-C9AE-40A0-A62D-3F2481549C83}.Release|x64.ActiveCfg = Release|x64
		{EFCA270E-C9AE-40A0-A62D-3F2481549C83}.Release|x64.Build.0 = Release|x64
		{EFCA270E-C9AE-40A0-A62D-3F2481549C83}.Release|x86.ActiveCfg = Release|Win32
		{EFCA270E-C9AE-40A0-A62D-3F2481549C83}.Release|x86.Build.0 = Release|Win32
	EndGlobalSection
	GlobalSection(SolutionProperties) = preSolution
		HideSolutionNode = FALSE
	EndGlobalSection
	GlobalSection(ExtensibilityGlobals) = postSolution
		SolutionGuid = {8707CB18-723C-4368-B39B-66835C3DB6A1}
	EndGlobalSection
EndGlobal
